
Microsoft Visual Studio Solution File, Format Version 12.00
# Visual Studio Version 17
VisualStudioVersion = 17.14.36414.22 d17.14
MinimumVisualStudioVersion = 10.0.40219.1
Project("{FAE04EC0-301F-11D3-BF4B-00C04F79EFBC}") = "ITHSLab2", "ITHSLab2\ITHSLab2.csproj", "{5E505839-31C6-4EB4-B5D7-1F078BA18CB1}"
EndProject
Global
	GlobalSection(SolutionConfigurationPlatforms) = preSolution
		Debug|Any CPU = Debug|Any CPU
		Release|Any CPU = Release|Any CPU
	EndGlobalSection
	GlobalSection(ProjectConfigurationPlatforms) = postSolution
		{5E505839-31C6-4EB4-B5D7-1F078BA18CB1}.Debug|Any CPU.ActiveCfg = Debug|Any CPU
		{5E505839-31C6-4EB4-B5D7-1F078BA18CB1}.Debug|Any CPU.Build.0 = Debug|Any CPU
		{5E505839-31C6-4EB4-B5D7-1F078BA18CB1}.Release|Any CPU.ActiveCfg = Release|Any CPU
		{5E505839-31C6-4EB4-B5D7-1F078BA18CB1}.Release|Any CPU.Build.0 = Release|Any CPU
	EndGlobalSection
	GlobalSection(SolutionProperties) = preSolution
		HideSolutionNode = FALSE
	EndGlobalSection
	GlobalSection(ExtensibilityGlobals) = postSolution
		SolutionGuid = {131EC34B-C1B9-44D9-8DC4-5D675DECB164}
	EndGlobalSection
EndGlobal
